
Microsoft Visual Studio Solution File, Format Version 12.00
# Visual Studio Version 17
VisualStudioVersion = 17.10.35027.167
MinimumVisualStudioVersion = 10.0.40219.1
Project("{FAE04EC0-301F-11D3-BF4B-00C04F79EFBC}") = "DelegateTrain", "DelegateTrain.csproj", "{30AA0B77-049C-4F0A-8FC7-CBB70A63810E}"
EndProject
Global
	GlobalSection(SolutionConfigurationPlatforms) = preSolution
		Debug|Any CPU = Debug|Any CPU
		Release|Any CPU = Release|Any CPU
	EndGlobalSection
	GlobalSection(ProjectConfigurationPlatforms) = postSolution
		{30AA0B77-049C-4F0A-8FC7-CBB70A63810E}.Debug|Any CPU.ActiveCfg = Debug|Any CPU
		{30AA0B77-049C-4F0A-8FC7-CBB70A63810E}.Debug|Any CPU.Build.0 = Debug|Any CPU
		{30AA0B77-049C-4F0A-8FC7-CBB70A63810E}.Release|Any CPU.ActiveCfg = Release|Any CPU
		{30AA0B77-049C-4F0A-8FC7-CBB70A63810E}.Release|Any CPU.Build.0 = Release|Any CPU
	EndGlobalSection
	GlobalSection(SolutionProperties) = preSolution
		HideSolutionNode = FALSE
	EndGlobalSection
	GlobalSection(ExtensibilityGlobals) = postSolution
		SolutionGuid = {67F0CDA0-B754-4DAB-A4E0-1BA5C40AA54B}
	EndGlobalSection
EndGlobal
