
Microsoft Visual Studio Solution File, Format Version 12.00
# Visual Studio Version 17
VisualStudioVersion = 17.10.35122.118
MinimumVisualStudioVersion = 10.0.40219.1
Project("{FAE04EC0-301F-11D3-BF4B-00C04F79EFBC}") = "Listtt", "Listtt.csproj", "{19EB09E5-0687-4F37-8D76-5E95ABEFF764}"
EndProject
Global
	GlobalSection(SolutionConfigurationPlatforms) = preSolution
		Debug|Any CPU = Debug|Any CPU
		Release|Any CPU = Release|Any CPU
	EndGlobalSection
	GlobalSection(ProjectConfigurationPlatforms) = postSolution
		{19EB09E5-0687-4F37-8D76-5E95ABEFF764}.Debug|Any CPU.ActiveCfg = Debug|Any CPU
		{19EB09E5-0687-4F37-8D76-5E95ABEFF764}.Debug|Any CPU.Build.0 = Debug|Any CPU
		{19EB09E5-0687-4F37-8D76-5E95ABEFF764}.Release|Any CPU.ActiveCfg = Release|Any CPU
		{19EB09E5-0687-4F37-8D76-5E95ABEFF764}.Release|Any CPU.Build.0 = Release|Any CPU
	EndGlobalSection
	GlobalSection(SolutionProperties) = preSolution
		HideSolutionNode = FALSE
	EndGlobalSection
	GlobalSection(ExtensibilityGlobals) = postSolution
		SolutionGuid = {C6E7283E-B00C-4A0D-90F5-EF95DC59D39A}
	EndGlobalSection
EndGlobal
