
Microsoft Visual Studio Solution File, Format Version 12.00
# Visual Studio Version 17
VisualStudioVersion = 17.10.35122.118
MinimumVisualStudioVersion = 10.0.40219.1
Project("{FAE04EC0-301F-11D3-BF4B-00C04F79EFBC}") = "Test4", "Test4.csproj", "{4D0B1A52-9D0C-4913-AD00-E3C27ABAFB37}"
EndProject
Global
	GlobalSection(SolutionConfigurationPlatforms) = preSolution
		Debug|Any CPU = Debug|Any CPU
		Release|Any CPU = Release|Any CPU
	EndGlobalSection
	GlobalSection(ProjectConfigurationPlatforms) = postSolution
		{4D0B1A52-9D0C-4913-AD00-E3C27ABAFB37}.Debug|Any CPU.ActiveCfg = Debug|Any CPU
		{4D0B1A52-9D0C-4913-AD00-E3C27ABAFB37}.Debug|Any CPU.Build.0 = Debug|Any CPU
		{4D0B1A52-9D0C-4913-AD00-E3C27ABAFB37}.Release|Any CPU.ActiveCfg = Release|Any CPU
		{4D0B1A52-9D0C-4913-AD00-E3C27ABAFB37}.Release|Any CPU.Build.0 = Release|Any CPU
	EndGlobalSection
	GlobalSection(SolutionProperties) = preSolution
		HideSolutionNode = FALSE
	EndGlobalSection
	GlobalSection(ExtensibilityGlobals) = postSolution
		SolutionGuid = {3CD5ECAD-89B2-4C4E-B558-F286DD2F4885}
	EndGlobalSection
EndGlobal
