
Microsoft Visual Studio Solution File, Format Version 12.00
# Visual Studio Version 17
VisualStudioVersion = 17.10.35122.118
MinimumVisualStudioVersion = 10.0.40219.1
Project("{FAE04EC0-301F-11D3-BF4B-00C04F79EFBC}") = "Test5", "Test5.csproj", "{872DD0CB-0A9E-4D41-86CD-0191B4B63036}"
EndProject
Global
	GlobalSection(SolutionConfigurationPlatforms) = preSolution
		Debug|Any CPU = Debug|Any CPU
		Release|Any CPU = Release|Any CPU
	EndGlobalSection
	GlobalSection(ProjectConfigurationPlatforms) = postSolution
		{872DD0CB-0A9E-4D41-86CD-0191B4B63036}.Debug|Any CPU.ActiveCfg = Debug|Any CPU
		{872DD0CB-0A9E-4D41-86CD-0191B4B63036}.Debug|Any CPU.Build.0 = Debug|Any CPU
		{872DD0CB-0A9E-4D41-86CD-0191B4B63036}.Release|Any CPU.ActiveCfg = Release|Any CPU
		{872DD0CB-0A9E-4D41-86CD-0191B4B63036}.Release|Any CPU.Build.0 = Release|Any CPU
	EndGlobalSection
	GlobalSection(SolutionProperties) = preSolution
		HideSolutionNode = FALSE
	EndGlobalSection
	GlobalSection(ExtensibilityGlobals) = postSolution
		SolutionGuid = {5AE6F762-F4A7-4A61-86D6-A02E78479627}
	EndGlobalSection
EndGlobal
