
Microsoft Visual Studio Solution File, Format Version 12.00
# Visual Studio Version 17
VisualStudioVersion = 17.10.35122.118
MinimumVisualStudioVersion = 10.0.40219.1
Project("{FAE04EC0-301F-11D3-BF4B-00C04F79EFBC}") = "DataSt", "DataSt.csproj", "{661BA723-6847-45DB-8193-69FCBA3E98F5}"
EndProject
Global
	GlobalSection(SolutionConfigurationPlatforms) = preSolution
		Debug|Any CPU = Debug|Any CPU
		Release|Any CPU = Release|Any CPU
	EndGlobalSection
	GlobalSection(ProjectConfigurationPlatforms) = postSolution
		{661BA723-6847-45DB-8193-69FCBA3E98F5}.Debug|Any CPU.ActiveCfg = Debug|Any CPU
		{661BA723-6847-45DB-8193-69FCBA3E98F5}.Debug|Any CPU.Build.0 = Debug|Any CPU
		{661BA723-6847-45DB-8193-69FCBA3E98F5}.Release|Any CPU.ActiveCfg = Release|Any CPU
		{661BA723-6847-45DB-8193-69FCBA3E98F5}.Release|Any CPU.Build.0 = Release|Any CPU
	EndGlobalSection
	GlobalSection(SolutionProperties) = preSolution
		HideSolutionNode = FALSE
	EndGlobalSection
	GlobalSection(ExtensibilityGlobals) = postSolution
		SolutionGuid = {2A6B1153-FD83-4669-9350-ECC24A823FCB}
	EndGlobalSection
EndGlobal
